
Microsoft Visual Studio Solution File, Format Version 12.00
# Visual Studio Version 17
VisualStudioVersion = 17.11.35208.52
MinimumVisualStudioVersion = 10.0.40219.1
Project("{9A19103F-16F7-4668-BE54-9A1E7A4F7556}") = "MassSpringSystemSimulation", "MassSpring\MassSpringSystemSimulation.csproj", "{1FDA1124-53EC-4473-A8ED-DCABECC700EC}"
EndProject
Project("{9A19103F-16F7-4668-BE54-9A1E7A4F7556}") = "FabricSimulation", "FabricSimulation\FabricSimulation.csproj", "{609A8027-C6DF-4FC3-802E-72A788EA4CAB}"
EndProject
Project("{9A19103F-16F7-4668-BE54-9A1E7A4F7556}") = "PBR", "PBR\PBR.csproj", "{4B5CBAD2-D0E9-48AC-837B-D9C3C7136F75}"
EndProject
Global
	GlobalSection(SolutionConfigurationPlatforms) = preSolution
		Debug|Any CPU = Debug|Any CPU
		Release|Any CPU = Release|Any CPU
	EndGlobalSection
	GlobalSection(ProjectConfigurationPlatforms) = postSolution
		{1FDA1124-53EC-4473-A8ED-DCABECC700EC}.Debug|Any CPU.ActiveCfg = Debug|Any CPU
		{1FDA1124-53EC-4473-A8ED-DCABECC700EC}.Debug|Any CPU.Build.0 = Debug|Any CPU
		{1FDA1124-53EC-4473-A8ED-DCABECC700EC}.Release|Any CPU.ActiveCfg = Release|Any CPU
		{1FDA1124-53EC-4473-A8ED-DCABECC700EC}.Release|Any CPU.Build.0 = Release|Any CPU
		{609A8027-C6DF-4FC3-802E-72A788EA4CAB}.Debug|Any CPU.ActiveCfg = Debug|Any CPU
		{609A8027-C6DF-4FC3-802E-72A788EA4CAB}.Debug|Any CPU.Build.0 = Debug|Any CPU
		{609A8027-C6DF-4FC3-802E-72A788EA4CAB}.Release|Any CPU.ActiveCfg = Release|Any CPU
		{609A8027-C6DF-4FC3-802E-72A788EA4CAB}.Release|Any CPU.Build.0 = Release|Any CPU
		{4B5CBAD2-D0E9-48AC-837B-D9C3C7136F75}.Debug|Any CPU.ActiveCfg = Debug|Any CPU
		{4B5CBAD2-D0E9-48AC-837B-D9C3C7136F75}.Debug|Any CPU.Build.0 = Debug|Any CPU
		{4B5CBAD2-D0E9-48AC-837B-D9C3C7136F75}.Release|Any CPU.ActiveCfg = Release|Any CPU
		{4B5CBAD2-D0E9-48AC-837B-D9C3C7136F75}.Release|Any CPU.Build.0 = Release|Any CPU
	EndGlobalSection
	GlobalSection(SolutionProperties) = preSolution
		HideSolutionNode = FALSE
	EndGlobalSection
	GlobalSection(ExtensibilityGlobals) = postSolution
		SolutionGuid = {B3841CF4-593D-4971-93B3-9982EA840BC2}
	EndGlobalSection
EndGlobal
